
Microsoft Visual Studio Solution File, Format Version 12.00
# Visual Studio Version 17
VisualStudioVersion = 17.13.35919.96 d17.13
MinimumVisualStudioVersion = 10.0.40219.1
Project("{FAE04EC0-301F-11D3-BF4B-00C04F79EFBC}") = "EcoData Manager", "EcoData Manager.csproj", "{9FEDD6D2-7364-4086-B995-50A92426ABA5}"
EndProject
Global
	GlobalSection(SolutionConfigurationPlatforms) = preSolution
		Debug|Any CPU = Debug|Any CPU
		Release|Any CPU = Release|Any CPU
	EndGlobalSection
	GlobalSection(ProjectConfigurationPlatforms) = postSolution
		{9FEDD6D2-7364-4086-B995-50A92426ABA5}.Debug|Any CPU.ActiveCfg = Debug|Any CPU
		{9FEDD6D2-7364-4086-B995-50A92426ABA5}.Debug|Any CPU.Build.0 = Debug|Any CPU
		{9FEDD6D2-7364-4086-B995-50A92426ABA5}.Release|Any CPU.ActiveCfg = Release|Any CPU
		{9FEDD6D2-7364-4086-B995-50A92426ABA5}.Release|Any CPU.Build.0 = Release|Any CPU
	EndGlobalSection
	GlobalSection(SolutionProperties) = preSolution
		HideSolutionNode = FALSE
	EndGlobalSection
	GlobalSection(ExtensibilityGlobals) = postSolution
		SolutionGuid = {20EA7645-379B-453A-8AD6-8FD24CA83FDE}
	EndGlobalSection
EndGlobal
